
Microsoft Visual Studio Solution File, Format Version 12.00
# Visual Studio Version 17
VisualStudioVersion = 17.5.002.0
MinimumVisualStudioVersion = 10.0.40219.1
Project("{9A19103F-16F7-4668-BE54-9A1E7A4F7556}") = "BulkyWeb", "BulkyWeb\BulkyWeb.csproj", "{5309A053-80DD-406A-8EAD-6D13A802F601}"
EndProject
Project("{FAE04EC0-301F-11D3-BF4B-00C04F79EFBC}") = "Bulky.DataAccess", "Bulky.Data\Bulky.DataAccess.csproj", "{FBA79976-C522-4845-BA7E-C93B7383C102}"
EndProject
Project("{FAE04EC0-301F-11D3-BF4B-00C04F79EFBC}") = "Bulky.Models", "Bulky.modelss\Bulky.Models.csproj", "{AA049CED-A73E-4604-A704-1BDB14CD15A1}"
EndProject
Project("{FAE04EC0-301F-11D3-BF4B-00C04F79EFBC}") = "Bulky.Utility", "Bulky.Utility\Bulky.Utility.csproj", "{E437BD77-2FF2-44F0-ABA0-B816367730B8}"
EndProject
Global
	GlobalSection(SolutionConfigurationPlatforms) = preSolution
		Debug|Any CPU = Debug|Any CPU
		Release|Any CPU = Release|Any CPU
	EndGlobalSection
	GlobalSection(ProjectConfigurationPlatforms) = postSolution
		{5309A053-80DD-406A-8EAD-6D13A802F601}.Debug|Any CPU.ActiveCfg = Debug|Any CPU
		{5309A053-80DD-406A-8EAD-6D13A802F601}.Debug|Any CPU.Build.0 = Debug|Any CPU
		{5309A053-80DD-406A-8EAD-6D13A802F601}.Release|Any CPU.ActiveCfg = Release|Any CPU
		{5309A053-80DD-406A-8EAD-6D13A802F601}.Release|Any CPU.Build.0 = Release|Any CPU
		{FBA79976-C522-4845-BA7E-C93B7383C102}.Debug|Any CPU.ActiveCfg = Debug|Any CPU
		{FBA79976-C522-4845-BA7E-C93B7383C102}.Debug|Any CPU.Build.0 = Debug|Any CPU
		{FBA79976-C522-4845-BA7E-C93B7383C102}.Release|Any CPU.ActiveCfg = Release|Any CPU
		{FBA79976-C522-4845-BA7E-C93B7383C102}.Release|Any CPU.Build.0 = Release|Any CPU
		{AA049CED-A73E-4604-A704-1BDB14CD15A1}.Debug|Any CPU.ActiveCfg = Debug|Any CPU
		{AA049CED-A73E-4604-A704-1BDB14CD15A1}.Debug|Any CPU.Build.0 = Debug|Any CPU
		{AA049CED-A73E-4604-A704-1BDB14CD15A1}.Release|Any CPU.ActiveCfg = Release|Any CPU
		{AA049CED-A73E-4604-A704-1BDB14CD15A1}.Release|Any CPU.Build.0 = Release|Any CPU
		{E437BD77-2FF2-44F0-ABA0-B816367730B8}.Debug|Any CPU.ActiveCfg = Debug|Any CPU
		{E437BD77-2FF2-44F0-ABA0-B816367730B8}.Debug|Any CPU.Build.0 = Debug|Any CPU
		{E437BD77-2FF2-44F0-ABA0-B816367730B8}.Release|Any CPU.ActiveCfg = Release|Any CPU
		{E437BD77-2FF2-44F0-ABA0-B816367730B8}.Release|Any CPU.Build.0 = Release|Any CPU
	EndGlobalSection
	GlobalSection(SolutionProperties) = preSolution
		HideSolutionNode = FALSE
	EndGlobalSection
	GlobalSection(ExtensibilityGlobals) = postSolution
		SolutionGuid = {6AA874BE-9482-4E7D-820D-CD161D74F0D2}
	EndGlobalSection
EndGlobal
